// !$*UTF8*$!
{
	archiveVersion = 1;
	classes = {
	};
	objectVersion = 46;
	objects = {

/* Begin PBXBuildFile section */
		49F0EF1E1B184F67001DE165 /* MapAnnotation.m in Sources */ = {isa = PBXBuildFile; fileRef = 49F0EF1D1B184F67001DE165 /* MapAnnotation.m */; };
		F94801BC1B01A2E500F30953 /* main.m in Sources */ = {isa = PBXBuildFile; fileRef = F94801BB1B01A2E500F30953 /* main.m */; };
		F94801BF1B01A2E500F30953 /* AppDelegate.m in Sources */ = {isa = PBXBuildFile; fileRef = F94801BE1B01A2E500F30953 /* AppDelegate.m */; };
		F94801C51B01A2E500F30953 /* Main.storyboard in Resources */ = {isa = PBXBuildFile; fileRef = F94801C31B01A2E500F30953 /* Main.storyboard */; };
		F94801C71B01A2E500F30953 /* Images.xcassets in Resources */ = {isa = PBXBuildFile; fileRef = F94801C61B01A2E500F30953 /* Images.xcassets */; };
		F94801CA1B01A2E500F30953 /* LaunchScreen.xib in Resources */ = {isa = PBXBuildFile; fileRef = F94801C81B01A2E500F30953 /* LaunchScreen.xib */; };
		F94801D61B01A2E500F30953 /* UW_HW_05_arhautauTests.m in Sources */ = {isa = PBXBuildFile; fileRef = F94801D51B01A2E500F30953 /* UW_HW_05_arhautauTests.m */; };
		F94801E71B01BC4100F30953 /* PhotosListViewController.m in Sources */ = {isa = PBXBuildFile; fileRef = F94801E61B01BC4100F30953 /* PhotosListViewController.m */; };
		F94801F21B01D7E800F30953 /* mario.jpg in Resources */ = {isa = PBXBuildFile; fileRef = F94801F11B01D7E800F30953 /* mario.jpg */; };
		F948020D1B01DE0A00F30953 /* PhotoCell.m in Sources */ = {isa = PBXBuildFile; fileRef = F948020B1B01DE0A00F30953 /* PhotoCell.m */; };
		F948020E1B01DE0A00F30953 /* PhotoCell.xib in Resources */ = {isa = PBXBuildFile; fileRef = F948020C1B01DE0A00F30953 /* PhotoCell.xib */; };
		F974A4FF1B097A3F00E2C27F /* CheckInCollection.m in Sources */ = {isa = PBXBuildFile; fileRef = F974A4FE1B097A3F00E2C27F /* CheckInCollection.m */; };
		F974A5021B097A6700E2C27F /* CheckIn.m in Sources */ = {isa = PBXBuildFile; fileRef = F974A5011B097A6700E2C27F /* CheckIn.m */; };
		F974A5071B14525400E2C27F /* CheckInListController.m in Sources */ = {isa = PBXBuildFile; fileRef = F974A5061B14525400E2C27F /* CheckInListController.m */; };
		F974A5181B15A41F00E2C27F /* CheckInCell.m in Sources */ = {isa = PBXBuildFile; fileRef = F974A5161B15A41F00E2C27F /* CheckInCell.m */; };
		F974A5191B15A41F00E2C27F /* CheckInCell.xib in Resources */ = {isa = PBXBuildFile; fileRef = F974A5171B15A41F00E2C27F /* CheckInCell.xib */; };
		F974A51C1B15AA6500E2C27F /* MapController.m in Sources */ = {isa = PBXBuildFile; fileRef = F974A51B1B15AA6500E2C27F /* MapController.m */; };
		F974A51E1B15AB2900E2C27F /* MapKit.framework in Frameworks */ = {isa = PBXBuildFile; fileRef = F974A51D1B15AB2900E2C27F /* MapKit.framework */; };
		F974A5201B16B98B00E2C27F /* CoreLocation.framework in Frameworks */ = {isa = PBXBuildFile; fileRef = F974A51F1B16B98B00E2C27F /* CoreLocation.framework */; };
		F974A5241B16DDF300E2C27F /* SearchBarCell.m in Sources */ = {isa = PBXBuildFile; fileRef = F974A5221B16DDF300E2C27F /* SearchBarCell.m */; };
		F974A5251B16DDF300E2C27F /* SearchBarCell.xib in Resources */ = {isa = PBXBuildFile; fileRef = F974A5231B16DDF300E2C27F /* SearchBarCell.xib */; };
		F974A5291B16DE0300E2C27F /* MapViewCell.m in Sources */ = {isa = PBXBuildFile; fileRef = F974A5271B16DE0300E2C27F /* MapViewCell.m */; };
		F974A52A1B16DE0300E2C27F /* MapViewCell.xib in Resources */ = {isa = PBXBuildFile; fileRef = F974A5281B16DE0300E2C27F /* MapViewCell.xib */; };
		F974A52D1B16F9EC00E2C27F /* CustomAnnotation.m in Sources */ = {isa = PBXBuildFile; fileRef = F974A52C1B16F9EC00E2C27F /* CustomAnnotation.m */; };
		F9792EC01B23838E001AF4C9 /* Settings.bundle in Resources */ = {isa = PBXBuildFile; fileRef = F9792EBF1B23838E001AF4C9 /* Settings.bundle */; };
/* End PBXBuildFile section */

/* Begin PBXContainerItemProxy section */
		F94801D01B01A2E500F30953 /* PBXContainerItemProxy */ = {
			isa = PBXContainerItemProxy;
			containerPortal = F94801AE1B01A2E500F30953 /* Project object */;
			proxyType = 1;
			remoteGlobalIDString = F94801B51B01A2E500F30953;
			remoteInfo = UW_HW_05_arhautau;
		};
/* End PBXContainerItemProxy section */

/* Begin PBXFileReference section */
		49F0EF1C1B184F67001DE165 /* MapAnnotation.h */ = {isa = PBXFileReference; fileEncoding = 4; lastKnownFileType = sourcecode.c.h; path = MapAnnotation.h; sourceTree = "<group>"; };
		49F0EF1D1B184F67001DE165 /* MapAnnotation.m */ = {isa = PBXFileReference; fileEncoding = 4; lastKnownFileType = sourcecode.c.objc; path = MapAnnotation.m; sourceTree = "<group>"; };
		F94801B61B01A2E500F30953 /* UW_HW_05_arhautau.app */ = {isa = PBXFileReference; explicitFileType = wrapper.application; includeInIndex = 0; path = UW_HW_05_arhautau.app; sourceTree = BUILT_PRODUCTS_DIR; };
		F94801BA1B01A2E500F30953 /* Info.plist */ = {isa = PBXFileReference; lastKnownFileType = text.plist.xml; path = Info.plist; sourceTree = "<group>"; };
		F94801BB1B01A2E500F30953 /* main.m */ = {isa = PBXFileReference; lastKnownFileType = sourcecode.c.objc; path = main.m; sourceTree = "<group>"; };
		F94801BD1B01A2E500F30953 /* AppDelegate.h */ = {isa = PBXFileReference; lastKnownFileType = sourcecode.c.h; path = AppDelegate.h; sourceTree = "<group>"; };
		F94801BE1B01A2E500F30953 /* AppDelegate.m */ = {isa = PBXFileReference; lastKnownFileType = sourcecode.c.objc; path = AppDelegate.m; sourceTree = "<group>"; };
		F94801C41B01A2E500F30953 /* Base */ = {isa = PBXFileReference; lastKnownFileType = file.storyboard; name = Base; path = Base.lproj/Main.storyboard; sourceTree = "<group>"; };
		F94801C61B01A2E500F30953 /* Images.xcassets */ = {isa = PBXFileReference; lastKnownFileType = folder.assetcatalog; path = Images.xcassets; sourceTree = "<group>"; };
		F94801C91B01A2E500F30953 /* Base */ = {isa = PBXFileReference; lastKnownFileType = file.xib; name = Base; path = Base.lproj/LaunchScreen.xib; sourceTree = "<group>"; };
		F94801CF1B01A2E500F30953 /* UW_HW_05_arhautauTests.xctest */ = {isa = PBXFileReference; explicitFileType = wrapper.cfbundle; includeInIndex = 0; path = UW_HW_05_arhautauTests.xctest; sourceTree = BUILT_PRODUCTS_DIR; };
		F94801D41B01A2E500F30953 /* Info.plist */ = {isa = PBXFileReference; lastKnownFileType = text.plist.xml; path = Info.plist; sourceTree = "<group>"; };
		F94801D51B01A2E500F30953 /* UW_HW_05_arhautauTests.m */ = {isa = PBXFileReference; lastKnownFileType = sourcecode.c.objc; path = UW_HW_05_arhautauTests.m; sourceTree = "<group>"; };
		F94801E51B01BC4100F30953 /* PhotosListViewController.h */ = {isa = PBXFileReference; fileEncoding = 4; lastKnownFileType = sourcecode.c.h; path = PhotosListViewController.h; sourceTree = "<group>"; };
		F94801E61B01BC4100F30953 /* PhotosListViewController.m */ = {isa = PBXFileReference; fileEncoding = 4; lastKnownFileType = sourcecode.c.objc; path = PhotosListViewController.m; sourceTree = "<group>"; };
		F94801F11B01D7E800F30953 /* mario.jpg */ = {isa = PBXFileReference; lastKnownFileType = image.jpeg; path = mario.jpg; sourceTree = "<group>"; };
		F948020A1B01DE0A00F30953 /* PhotoCell.h */ = {isa = PBXFileReference; fileEncoding = 4; lastKnownFileType = sourcecode.c.h; path = PhotoCell.h; sourceTree = "<group>"; };
		F948020B1B01DE0A00F30953 /* PhotoCell.m */ = {isa = PBXFileReference; fileEncoding = 4; lastKnownFileType = sourcecode.c.objc; path = PhotoCell.m; sourceTree = "<group>"; };
		F948020C1B01DE0A00F30953 /* PhotoCell.xib */ = {isa = PBXFileReference; fileEncoding = 4; lastKnownFileType = file.xib; path = PhotoCell.xib; sourceTree = "<group>"; };
		F974A4FD1B097A3F00E2C27F /* CheckInCollection.h */ = {isa = PBXFileReference; fileEncoding = 4; lastKnownFileType = sourcecode.c.h; path = CheckInCollection.h; sourceTree = "<group>"; };
		F974A4FE1B097A3F00E2C27F /* CheckInCollection.m */ = {isa = PBXFileReference; fileEncoding = 4; lastKnownFileType = sourcecode.c.objc; path = CheckInCollection.m; sourceTree = "<group>"; };
		F974A5001B097A6700E2C27F /* CheckIn.h */ = {isa = PBXFileReference; fileEncoding = 4; lastKnownFileType = sourcecode.c.h; path = CheckIn.h; sourceTree = "<group>"; };
		F974A5011B097A6700E2C27F /* CheckIn.m */ = {isa = PBXFileReference; fileEncoding = 4; lastKnownFileType = sourcecode.c.objc; path = CheckIn.m; sourceTree = "<group>"; };
		F974A5051B14525400E2C27F /* CheckInListController.h */ = {isa = PBXFileReference; fileEncoding = 4; lastKnownFileType = sourcecode.c.h; path = CheckInListController.h; sourceTree = "<group>"; };
		F974A5061B14525400E2C27F /* CheckInListController.m */ = {isa = PBXFileReference; fileEncoding = 4; lastKnownFileType = sourcecode.c.objc; path = CheckInListController.m; sourceTree = "<group>"; };
		F974A5151B15A41F00E2C27F /* CheckInCell.h */ = {isa = PBXFileReference; fileEncoding = 4; lastKnownFileType = sourcecode.c.h; path = CheckInCell.h; sourceTree = "<group>"; };
		F974A5161B15A41F00E2C27F /* CheckInCell.m */ = {isa = PBXFileReference; fileEncoding = 4; lastKnownFileType = sourcecode.c.objc; path = CheckInCell.m; sourceTree = "<group>"; };
		F974A5171B15A41F00E2C27F /* CheckInCell.xib */ = {isa = PBXFileReference; fileEncoding = 4; lastKnownFileType = file.xib; path = CheckInCell.xib; sourceTree = "<group>"; };
		F974A51A1B15AA6500E2C27F /* MapController.h */ = {isa = PBXFileReference; fileEncoding = 4; lastKnownFileType = sourcecode.c.h; path = MapController.h; sourceTree = "<group>"; };
		F974A51B1B15AA6500E2C27F /* MapController.m */ = {isa = PBXFileReference; fileEncoding = 4; lastKnownFileType = sourcecode.c.objc; path = MapController.m; sourceTree = "<group>"; };
		F974A51D1B15AB2900E2C27F /* MapKit.framework */ = {isa = PBXFileReference; lastKnownFileType = wrapper.framework; name = MapKit.framework; path = System/Library/Frameworks/MapKit.framework; sourceTree = SDKROOT; };
		F974A51F1B16B98B00E2C27F /* CoreLocation.framework */ = {isa = PBXFileReference; lastKnownFileType = wrapper.framework; name = CoreLocation.framework; path = System/Library/Frameworks/CoreLocation.framework; sourceTree = SDKROOT; };
		F974A5211B16DDF300E2C27F /* SearchBarCell.h */ = {isa = PBXFileReference; fileEncoding = 4; lastKnownFileType = sourcecode.c.h; path = SearchBarCell.h; sourceTree = "<group>"; };
		F974A5221B16DDF300E2C27F /* SearchBarCell.m */ = {isa = PBXFileReference; fileEncoding = 4; lastKnownFileType = sourcecode.c.objc; path = SearchBarCell.m; sourceTree = "<group>"; };
		F974A5231B16DDF300E2C27F /* SearchBarCell.xib */ = {isa = PBXFileReference; fileEncoding = 4; lastKnownFileType = file.xib; path = SearchBarCell.xib; sourceTree = "<group>"; };
		F974A5261B16DE0300E2C27F /* MapViewCell.h */ = {isa = PBXFileReference; fileEncoding = 4; lastKnownFileType = sourcecode.c.h; path = MapViewCell.h; sourceTree = "<group>"; };
		F974A5271B16DE0300E2C27F /* MapViewCell.m */ = {isa = PBXFileReference; fileEncoding = 4; lastKnownFileType = sourcecode.c.objc; path = MapViewCell.m; sourceTree = "<group>"; };
		F974A5281B16DE0300E2C27F /* MapViewCell.xib */ = {isa = PBXFileReference; fileEncoding = 4; lastKnownFileType = file.xib; path = MapViewCell.xib; sourceTree = "<group>"; };
		F974A52B1B16F9EC00E2C27F /* CustomAnnotation.h */ = {isa = PBXFileReference; fileEncoding = 4; lastKnownFileType = sourcecode.c.h; path = CustomAnnotation.h; sourceTree = "<group>"; };
		F974A52C1B16F9EC00E2C27F /* CustomAnnotation.m */ = {isa = PBXFileReference; fileEncoding = 4; lastKnownFileType = sourcecode.c.objc; path = CustomAnnotation.m; sourceTree = "<group>"; };
		F9792EBF1B23838E001AF4C9 /* Settings.bundle */ = {isa = PBXFileReference; lastKnownFileType = "wrapper.plug-in"; path = Settings.bundle; sourceTree = "<group>"; };
/* End PBXFileReference section */

/* Begin PBXFrameworksBuildPhase section */
		F94801B31B01A2E500F30953 /* Frameworks */ = {
			isa = PBXFrameworksBuildPhase;
			buildActionMask = 2147483647;
			files = (
				F974A5201B16B98B00E2C27F /* CoreLocation.framework in Frameworks */,
				F974A51E1B15AB2900E2C27F /* MapKit.framework in Frameworks */,
			);
			runOnlyForDeploymentPostprocessing = 0;
		};
		F94801CC1B01A2E500F30953 /* Frameworks */ = {
			isa = PBXFrameworksBuildPhase;
			buildActionMask = 2147483647;
			files = (
			);
			runOnlyForDeploymentPostprocessing = 0;
		};
/* End PBXFrameworksBuildPhase section */

/* Begin PBXGroup section */
		F94801AD1B01A2E500F30953 = {
			isa = PBXGroup;
			children = (
				F974A51F1B16B98B00E2C27F /* CoreLocation.framework */,
				F974A51D1B15AB2900E2C27F /* MapKit.framework */,
				F94801B81B01A2E500F30953 /* UW_HW_05_arhautau */,
				F94801D21B01A2E500F30953 /* UW_HW_05_arhautauTests */,
				F94801B71B01A2E500F30953 /* Products */,
			);
			sourceTree = "<group>";
		};
		F94801B71B01A2E500F30953 /* Products */ = {
			isa = PBXGroup;
			children = (
				F94801B61B01A2E500F30953 /* UW_HW_05_arhautau.app */,
				F94801CF1B01A2E500F30953 /* UW_HW_05_arhautauTests.xctest */,
			);
			name = Products;
			sourceTree = "<group>";
		};
		F94801B81B01A2E500F30953 /* UW_HW_05_arhautau */ = {
			isa = PBXGroup;
			children = (
				F9792EBF1B23838E001AF4C9 /* Settings.bundle */,
				49F0EF1C1B184F67001DE165 /* MapAnnotation.h */,
				49F0EF1D1B184F67001DE165 /* MapAnnotation.m */,
				F974A5151B15A41F00E2C27F /* CheckInCell.h */,
				F974A5161B15A41F00E2C27F /* CheckInCell.m */,
				F974A5171B15A41F00E2C27F /* CheckInCell.xib */,
				F948020A1B01DE0A00F30953 /* PhotoCell.h */,
				F948020B1B01DE0A00F30953 /* PhotoCell.m */,
				F948020C1B01DE0A00F30953 /* PhotoCell.xib */,
				F94801E51B01BC4100F30953 /* PhotosListViewController.h */,
				F94801E61B01BC4100F30953 /* PhotosListViewController.m */,
				F974A5051B14525400E2C27F /* CheckInListController.h */,
				F974A5061B14525400E2C27F /* CheckInListController.m */,
				F974A4FD1B097A3F00E2C27F /* CheckInCollection.h */,
				F974A4FE1B097A3F00E2C27F /* CheckInCollection.m */,
				F974A5001B097A6700E2C27F /* CheckIn.h */,
				F974A5011B097A6700E2C27F /* CheckIn.m */,
				F94801BD1B01A2E500F30953 /* AppDelegate.h */,
				F94801BE1B01A2E500F30953 /* AppDelegate.m */,
				F94801C31B01A2E500F30953 /* Main.storyboard */,
				F974A51A1B15AA6500E2C27F /* MapController.h */,
				F974A51B1B15AA6500E2C27F /* MapController.m */,
				F974A52B1B16F9EC00E2C27F /* CustomAnnotation.h */,
				F974A52C1B16F9EC00E2C27F /* CustomAnnotation.m */,
				F94801C61B01A2E500F30953 /* Images.xcassets */,
				F94801C81B01A2E500F30953 /* LaunchScreen.xib */,
				F94801B91B01A2E500F30953 /* Supporting Files */,
				F974A5211B16DDF300E2C27F /* SearchBarCell.h */,
				F974A5221B16DDF300E2C27F /* SearchBarCell.m */,
				F974A5231B16DDF300E2C27F /* SearchBarCell.xib */,
				F974A5261B16DE0300E2C27F /* MapViewCell.h */,
				F974A5271B16DE0300E2C27F /* MapViewCell.m */,
				F974A5281B16DE0300E2C27F /* MapViewCell.xib */,
			);
			path = UW_HW_05_arhautau;
			sourceTree = "<group>";
		};
		F94801B91B01A2E500F30953 /* Supporting Files */ = {
			isa = PBXGroup;
			children = (
				F94801F11B01D7E800F30953 /* mario.jpg */,
				F94801BA1B01A2E500F30953 /* Info.plist */,
				F94801BB1B01A2E500F30953 /* main.m */,
			);
			name = "Supporting Files";
			sourceTree = "<group>";
		};
		F94801D21B01A2E500F30953 /* UW_HW_05_arhautauTests */ = {
			isa = PBXGroup;
			children = (
				F94801D51B01A2E500F30953 /* UW_HW_05_arhautauTests.m */,
				F94801D31B01A2E500F30953 /* Supporting Files */,
			);
			path = UW_HW_05_arhautauTests;
			sourceTree = "<group>";
		};
		F94801D31B01A2E500F30953 /* Supporting Files */ = {
			isa = PBXGroup;
			children = (
				F94801D41B01A2E500F30953 /* Info.plist */,
			);
			name = "Supporting Files";
			sourceTree = "<group>";
		};
/* End PBXGroup section */

/* Begin PBXNativeTarget section */
		F94801B51B01A2E500F30953 /* UW_HW_05_arhautau */ = {
			isa = PBXNativeTarget;
			buildConfigurationList = F94801D91B01A2E500F30953 /* Build configuration list for PBXNativeTarget "UW_HW_05_arhautau" */;
			buildPhases = (
				F94801B21B01A2E500F30953 /* Sources */,
				F94801B31B01A2E500F30953 /* Frameworks */,
				F94801B41B01A2E500F30953 /* Resources */,
			);
			buildRules = (
			);
			dependencies = (
			);
			name = UW_HW_05_arhautau;
			productName = UW_HW_05_arhautau;
			productReference = F94801B61B01A2E500F30953 /* UW_HW_05_arhautau.app */;
			productType = "com.apple.product-type.application";
		};
		F94801CE1B01A2E500F30953 /* UW_HW_05_arhautauTests */ = {
			isa = PBXNativeTarget;
			buildConfigurationList = F94801DC1B01A2E500F30953 /* Build configuration list for PBXNativeTarget "UW_HW_05_arhautauTests" */;
			buildPhases = (
				F94801CB1B01A2E500F30953 /* Sources */,
				F94801CC1B01A2E500F30953 /* Frameworks */,
				F94801CD1B01A2E500F30953 /* Resources */,
			);
			buildRules = (
			);
			dependencies = (
				F94801D11B01A2E500F30953 /* PBXTargetDependency */,
			);
			name = UW_HW_05_arhautauTests;
			productName = UW_HW_05_arhautauTests;
			productReference = F94801CF1B01A2E500F30953 /* UW_HW_05_arhautauTests.xctest */;
			productType = "com.apple.product-type.bundle.unit-test";
		};
/* End PBXNativeTarget section */

/* Begin PBXProject section */
		F94801AE1B01A2E500F30953 /* Project object */ = {
			isa = PBXProject;
			attributes = {
				LastUpgradeCheck = 0630;
				ORGANIZATIONNAME = "Andrew Hautau";
				TargetAttributes = {
					F94801B51B01A2E500F30953 = {
						CreatedOnToolsVersion = 6.3.1;
					};
					F94801CE1B01A2E500F30953 = {
						CreatedOnToolsVersion = 6.3.1;
						TestTargetID = F94801B51B01A2E500F30953;
					};
				};
			};
			buildConfigurationList = F94801B11B01A2E500F30953 /* Build configuration list for PBXProject "UW_HW_05_arhautau" */;
			compatibilityVersion = "Xcode 3.2";
			developmentRegion = English;
			hasScannedForEncodings = 0;
			knownRegions = (
				en,
				Base,
			);
			mainGroup = F94801AD1B01A2E500F30953;
			productRefGroup = F94801B71B01A2E500F30953 /* Products */;
			projectDirPath = "";
			projectRoot = "";
			targets = (
				F94801B51B01A2E500F30953 /* UW_HW_05_arhautau */,
				F94801CE1B01A2E500F30953 /* UW_HW_05_arhautauTests */,
			);
		};
/* End PBXProject section */

/* Begin PBXResourcesBuildPhase section */
		F94801B41B01A2E500F30953 /* Resources */ = {
			isa = PBXResourcesBuildPhase;
			buildActionMask = 2147483647;
			files = (
				F94801C51B01A2E500F30953 /* Main.storyboard in Resources */,
				F974A52A1B16DE0300E2C27F /* MapViewCell.xib in Resources */,
				F94801CA1B01A2E500F30953 /* LaunchScreen.xib in Resources */,
				F94801F21B01D7E800F30953 /* mario.jpg in Resources */,
				F974A5191B15A41F00E2C27F /* CheckInCell.xib in Resources */,
				F94801C71B01A2E500F30953 /* Images.xcassets in Resources */,
				F948020E1B01DE0A00F30953 /* PhotoCell.xib in Resources */,
				F9792EC01B23838E001AF4C9 /* Settings.bundle in Resources */,
				F974A5251B16DDF300E2C27F /* SearchBarCell.xib in Resources */,
			);
			runOnlyForDeploymentPostprocessing = 0;
		};
		F94801CD1B01A2E500F30953 /* Resources */ = {
			isa = PBXResourcesBuildPhase;
			buildActionMask = 2147483647;
			files = (
			);
			runOnlyForDeploymentPostprocessing = 0;
		};
/* End PBXResourcesBuildPhase section */

/* Begin PBXSourcesBuildPhase section */
		F94801B21B01A2E500F30953 /* Sources */ = {
			isa = PBXSourcesBuildPhase;
			buildActionMask = 2147483647;
			files = (
				F974A4FF1B097A3F00E2C27F /* CheckInCollection.m in Sources */,
				49F0EF1E1B184F67001DE165 /* MapAnnotation.m in Sources */,
				F974A5021B097A6700E2C27F /* CheckIn.m in Sources */,
				F948020D1B01DE0A00F30953 /* PhotoCell.m in Sources */,
				F974A52D1B16F9EC00E2C27F /* CustomAnnotation.m in Sources */,
				F94801E71B01BC4100F30953 /* PhotosListViewController.m in Sources */,
				F94801BF1B01A2E500F30953 /* AppDelegate.m in Sources */,
				F974A5291B16DE0300E2C27F /* MapViewCell.m in Sources */,
				F974A5181B15A41F00E2C27F /* CheckInCell.m in Sources */,
				F974A5071B14525400E2C27F /* CheckInListController.m in Sources */,
				F974A51C1B15AA6500E2C27F /* MapController.m in Sources */,
				F94801BC1B01A2E500F30953 /* main.m in Sources */,
				F974A5241B16DDF300E2C27F /* SearchBarCell.m in Sources */,
			);
			runOnlyForDeploymentPostprocessing = 0;
		};
		F94801CB1B01A2E500F30953 /* Sources */ = {
			isa = PBXSourcesBuildPhase;
			buildActionMask = 2147483647;
			files = (
				F94801D61B01A2E500F30953 /* UW_HW_05_arhautauTests.m in Sources */,
			);
			runOnlyForDeploymentPostprocessing = 0;
		};
/* End PBXSourcesBuildPhase section */

/* Begin PBXTargetDependency section */
		F94801D11B01A2E500F30953 /* PBXTargetDependency */ = {
			isa = PBXTargetDependency;
			target = F94801B51B01A2E500F30953 /* UW_HW_05_arhautau */;
			targetProxy = F94801D01B01A2E500F30953 /* PBXContainerItemProxy */;
		};
/* End PBXTargetDependency section */

/* Begin PBXVariantGroup section */
		F94801C31B01A2E500F30953 /* Main.storyboard */ = {
			isa = PBXVariantGroup;
			children = (
				F94801C41B01A2E500F30953 /* Base */,
			);
			name = Main.storyboard;
			sourceTree = "<group>";
		};
		F94801C81B01A2E500F30953 /* LaunchScreen.xib */ = {
			isa = PBXVariantGroup;
			children = (
				F94801C91B01A2E500F30953 /* Base */,
			);
			name = LaunchScreen.xib;
			sourceTree = "<group>";
		};
/* End PBXVariantGroup section */

/* Begin XCBuildConfiguration section */
		F94801D71B01A2E500F30953 /* Debug */ = {
			isa = XCBuildConfiguration;
			buildSettings = {
				ALWAYS_SEARCH_USER_PATHS = NO;
				CLANG_CXX_LANGUAGE_STANDARD = "gnu++0x";
				CLANG_CXX_LIBRARY = "libc++";
				CLANG_ENABLE_MODULES = YES;
				CLANG_ENABLE_OBJC_ARC = YES;
				CLANG_WARN_BOOL_CONVERSION = YES;
				CLANG_WARN_CONSTANT_CONVERSION = YES;
				CLANG_WARN_DIRECT_OBJC_ISA_USAGE = YES_ERROR;
				CLANG_WARN_EMPTY_BODY = YES;
				CLANG_WARN_ENUM_CONVERSION = YES;
				CLANG_WARN_INT_CONVERSION = YES;
				CLANG_WARN_OBJC_ROOT_CLASS = YES_ERROR;
				CLANG_WARN_UNREACHABLE_CODE = YES;
				CLANG_WARN__DUPLICATE_METHOD_MATCH = YES;
				"CODE_SIGN_IDENTITY[sdk=iphoneos*]" = "iPhone Developer";
				COPY_PHASE_STRIP = NO;
				DEBUG_INFORMATION_FORMAT = "dwarf-with-dsym";
				ENABLE_STRICT_OBJC_MSGSEND = YES;
				GCC_C_LANGUAGE_STANDARD = gnu99;
				GCC_DYNAMIC_NO_PIC = NO;
				GCC_NO_COMMON_BLOCKS = YES;
				GCC_OPTIMIZATION_LEVEL = 0;
				GCC_PREPROCESSOR_DEFINITIONS = (
					"DEBUG=1",
					"$(inherited)",
				);
				GCC_SYMBOLS_PRIVATE_EXTERN = NO;
				GCC_WARN_64_TO_32_BIT_CONVERSION = YES;
				GCC_WARN_ABOUT_RETURN_TYPE = YES_ERROR;
				GCC_WARN_UNDECLARED_SELECTOR = YES;
				GCC_WARN_UNINITIALIZED_AUTOS = YES_AGGRESSIVE;
				GCC_WARN_UNUSED_FUNCTION = YES;
				GCC_WARN_UNUSED_VARIABLE = YES;
				IPHONEOS_DEPLOYMENT_TARGET = 8.3;
				MTL_ENABLE_DEBUG_INFO = YES;
				ONLY_ACTIVE_ARCH = YES;
				SDKROOT = iphoneos;
				TARGETED_DEVICE_FAMILY = "1,2";
			};
			name = Debug;
		};
		F94801D81B01A2E500F30953 /* Release */ = {
			isa = XCBuildConfiguration;
			buildSettings = {
				ALWAYS_SEARCH_USER_PATHS = NO;
				CLANG_CXX_LANGUAGE_STANDARD = "gnu++0x";
				CLANG_CXX_LIBRARY = "libc++";
				CLANG_ENABLE_MODULES = YES;
				CLANG_ENABLE_OBJC_ARC = YES;
				CLANG_WARN_BOOL_CONVERSION = YES;
				CLANG_WARN_CONSTANT_CONVERSION = YES;
				CLANG_WARN_DIRECT_OBJC_ISA_USAGE = YES_ERROR;
				CLANG_WARN_EMPTY_BODY = YES;
				CLANG_WARN_ENUM_CONVERSION = YES;
				CLANG_WARN_INT_CONVERSION = YES;
				CLANG_WARN_OBJC_ROOT_CLASS = YES_ERROR;
				CLANG_WARN_UNREACHABLE_CODE = YES;
				CLANG_WARN__DUPLICATE_METHOD_MATCH = YES;
				"CODE_SIGN_IDENTITY[sdk=iphoneos*]" = "iPhone Developer";
				COPY_PHASE_STRIP = NO;
				DEBUG_INFORMATION_FORMAT = "dwarf-with-dsym";
				ENABLE_NS_ASSERTIONS = NO;
				ENABLE_STRICT_OBJC_MSGSEND = YES;
				GCC_C_LANGUAGE_STANDARD = gnu99;
				GCC_NO_COMMON_BLOCKS = YES;
				GCC_WARN_64_TO_32_BIT_CONVERSION = YES;
				GCC_WARN_ABOUT_RETURN_TYPE = YES_ERROR;
				GCC_WARN_UNDECLARED_SELECTOR = YES;
				GCC_WARN_UNINITIALIZED_AUTOS = YES_AGGRESSIVE;
				GCC_WARN_UNUSED_FUNCTION = YES;
				GCC_WARN_UNUSED_VARIABLE = YES;
				IPHONEOS_DEPLOYMENT_TARGET = 8.3;
				MTL_ENABLE_DEBUG_INFO = NO;
				SDKROOT = iphoneos;
				TARGETED_DEVICE_FAMILY = "1,2";
				VALIDATE_PRODUCT = YES;
			};
			name = Release;
		};
		F94801DA1B01A2E500F30953 /* Debug */ = {
			isa = XCBuildConfiguration;
			buildSettings = {
				ASSETCATALOG_COMPILER_APPICON_NAME = AppIcon;
				INFOPLIST_FILE = UW_HW_05_arhautau/Info.plist;
				LD_RUNPATH_SEARCH_PATHS = "$(inherited) @executable_path/Frameworks";
				PRODUCT_NAME = "$(TARGET_NAME)";
			};
			name = Debug;
		};
		F94801DB1B01A2E500F30953 /* Release */ = {
			isa = XCBuildConfiguration;
			buildSettings = {
				ASSETCATALOG_COMPILER_APPICON_NAME = AppIcon;
				INFOPLIST_FILE = UW_HW_05_arhautau/Info.plist;
				LD_RUNPATH_SEARCH_PATHS = "$(inherited) @executable_path/Frameworks";
				PRODUCT_NAME = "$(TARGET_NAME)";
			};
			name = Release;
		};
		F94801DD1B01A2E500F30953 /* Debug */ = {
			isa = XCBuildConfiguration;
			buildSettings = {
				BUNDLE_LOADER = "$(TEST_HOST)";
				FRAMEWORK_SEARCH_PATHS = (
					"$(SDKROOT)/Developer/Library/Frameworks",
					"$(inherited)",
				);
				GCC_PREPROCESSOR_DEFINITIONS = (
					"DEBUG=1",
					"$(inherited)",
				);
				INFOPLIST_FILE = UW_HW_05_arhautauTests/Info.plist;
				LD_RUNPATH_SEARCH_PATHS = "$(inherited) @executable_path/Frameworks @loader_path/Frameworks";
				PRODUCT_NAME = "$(TARGET_NAME)";
				TEST_HOST = "$(BUILT_PRODUCTS_DIR)/UW_HW_05_arhautau.app/UW_HW_05_arhautau";
			};
			name = Debug;
		};
		F94801DE1B01A2E500F30953 /* Release */ = {
			isa = XCBuildConfiguration;
			buildSettings = {
				BUNDLE_LOADER = "$(TEST_HOST)";
				FRAMEWORK_SEARCH_PATHS = (
					"$(SDKROOT)/Developer/Library/Frameworks",
					"$(inherited)",
				);
				INFOPLIST_FILE = UW_HW_05_arhautauTests/Info.plist;
				LD_RUNPATH_SEARCH_PATHS = "$(inherited) @executable_path/Frameworks @loader_path/Frameworks";
				PRODUCT_NAME = "$(TARGET_NAME)";
				TEST_HOST = "$(BUILT_PRODUCTS_DIR)/UW_HW_05_arhautau.app/UW_HW_05_arhautau";
			};
			name = Release;
		};
/* End XCBuildConfiguration section */

/* Begin XCConfigurationList section */
		F94801B11B01A2E500F30953 /* Build configuration list for PBXProject "UW_HW_05_arhautau" */ = {
			isa = XCConfigurationList;
			buildConfigurations = (
				F94801D71B01A2E500F30953 /* Debug */,
				F94801D81B01A2E500F30953 /* Release */,
			);
			defaultConfigurationIsVisible = 0;
			defaultConfigurationName = Release;
		};
		F94801D91B01A2E500F30953 /* Build configuration list for PBXNativeTarget "UW_HW_05_arhautau" */ = {
			isa = XCConfigurationList;
			buildConfigurations = (
				F94801DA1B01A2E500F30953 /* Debug */,
				F94801DB1B01A2E500F30953 /* Release */,
			);
			defaultConfigurationIsVisible = 0;
			defaultConfigurationName = Release;
		};
		F94801DC1B01A2E500F30953 /* Build configuration list for PBXNativeTarget "UW_HW_05_arhautauTests" */ = {
			isa = XCConfigurationList;
			buildConfigurations = (
				F94801DD1B01A2E500F30953 /* Debug */,
				F94801DE1B01A2E500F30953 /* Release */,
			);
			defaultConfigurationIsVisible = 0;
			defaultConfigurationName = Release;
		};
/* End XCConfigurationList section */
	};
	rootObject = F94801AE1B01A2E500F30953 /* Project object */;
}
